
Microsoft Visual Studio Solution File, Format Version 12.00
# Visual Studio 2012
Project("{FAE04EC0-301F-11D3-BF4B-00C04F79EFBC}") = "LinearOrderingConsole", "LinearOrderingConsole\LinearOrderingConsole.csproj", "{FB5B011D-434C-4187-8BD7-3C6D38511163}"
EndProject
Project("{FAE04EC0-301F-11D3-BF4B-00C04F79EFBC}") = "LinearOrderingParser", "AircraftLandingParser\LinearOrderingParser.csproj", "{A8A20F00-2EC3-402E-8B6A-823E0390523B}"
EndProject
Project("{FAE04EC0-301F-11D3-BF4B-00C04F79EFBC}") = "GRASP", "GRASP\GRASP.csproj", "{CFE46A1E-08F1-4ECC-A868-2BD2D44B6309}"
EndProject
Global
	GlobalSection(SolutionConfigurationPlatforms) = preSolution
		Debug|Any CPU = Debug|Any CPU
		Release|Any CPU = Release|Any CPU
	EndGlobalSection
	GlobalSection(ProjectConfigurationPlatforms) = postSolution
		{FB5B011D-434C-4187-8BD7-3C6D38511163}.Debug|Any CPU.ActiveCfg = Debug|Any CPU
		{FB5B011D-434C-4187-8BD7-3C6D38511163}.Debug|Any CPU.Build.0 = Debug|Any CPU
		{FB5B011D-434C-4187-8BD7-3C6D38511163}.Release|Any CPU.ActiveCfg = Release|Any CPU
		{FB5B011D-434C-4187-8BD7-3C6D38511163}.Release|Any CPU.Build.0 = Release|Any CPU
		{A8A20F00-2EC3-402E-8B6A-823E0390523B}.Debug|Any CPU.ActiveCfg = Debug|Any CPU
		{A8A20F00-2EC3-402E-8B6A-823E0390523B}.Debug|Any CPU.Build.0 = Debug|Any CPU
		{A8A20F00-2EC3-402E-8B6A-823E0390523B}.Release|Any CPU.ActiveCfg = Release|Any CPU
		{A8A20F00-2EC3-402E-8B6A-823E0390523B}.Release|Any CPU.Build.0 = Release|Any CPU
		{CFE46A1E-08F1-4ECC-A868-2BD2D44B6309}.Debug|Any CPU.ActiveCfg = Debug|Any CPU
		{CFE46A1E-08F1-4ECC-A868-2BD2D44B6309}.Debug|Any CPU.Build.0 = Debug|Any CPU
		{CFE46A1E-08F1-4ECC-A868-2BD2D44B6309}.Release|Any CPU.ActiveCfg = Release|Any CPU
		{CFE46A1E-08F1-4ECC-A868-2BD2D44B6309}.Release|Any CPU.Build.0 = Release|Any CPU
	EndGlobalSection
	GlobalSection(SolutionProperties) = preSolution
		HideSolutionNode = FALSE
	EndGlobalSection
EndGlobal
